
Microsoft Visual Studio Solution File, Format Version 12.00
Project("{FAE04EC0-301F-11D3-BF4B-00C04F79EFBC}") = "Snappy.Demo", "Snappy.Demo\Snappy.Demo.csproj", "{3D1E3928-8CB3-41A3-BC76-A660A3778F31}"
EndProject
Project("{FAE04EC0-301F-11D3-BF4B-00C04F79EFBC}") = "Snappy", "Snappy\Snappy.csproj", "{4687B559-AE2C-4D25-832F-6E879183E9B6}"
EndProject
Global
	GlobalSection(SolutionConfigurationPlatforms) = preSolution
		Debug|Any CPU = Debug|Any CPU
		Release|Any CPU = Release|Any CPU
	EndGlobalSection
	GlobalSection(ProjectConfigurationPlatforms) = postSolution
		{3D1E3928-8CB3-41A3-BC76-A660A3778F31}.Debug|Any CPU.ActiveCfg = Debug|Any CPU
		{3D1E3928-8CB3-41A3-BC76-A660A3778F31}.Debug|Any CPU.Build.0 = Debug|Any CPU
		{3D1E3928-8CB3-41A3-BC76-A660A3778F31}.Release|Any CPU.ActiveCfg = Release|Any CPU
		{3D1E3928-8CB3-41A3-BC76-A660A3778F31}.Release|Any CPU.Build.0 = Release|Any CPU
		{4687B559-AE2C-4D25-832F-6E879183E9B6}.Debug|Any CPU.ActiveCfg = Debug|Any CPU
		{4687B559-AE2C-4D25-832F-6E879183E9B6}.Debug|Any CPU.Build.0 = Debug|Any CPU
		{4687B559-AE2C-4D25-832F-6E879183E9B6}.Release|Any CPU.ActiveCfg = Release|Any CPU
		{4687B559-AE2C-4D25-832F-6E879183E9B6}.Release|Any CPU.Build.0 = Release|Any CPU
	EndGlobalSection
EndGlobal
